{
  "name": "@vectorism/vectiee",
  "version": "1.0.3",
  "lockfileVersion": 3,
  "requires": true,
  "packages": {
    "": {
      "name": "@vectorism/vectiee",
      "version": "1.0.3",
      "license": "ISC",
      "dependencies": {
        "@vectorism/vectiee": "^1.0.3"
      }
    },
    "node_modules/@vectorism/vectiee": {
      "version": "1.0.3",
      "resolved": "https://registry.npmjs.org/@vectorism/vectiee/-/vectiee-1.0.3.tgz",
      "integrity": "sha512-ro1Z/mUmsyaClc4fovylBhh1WT6zL6H1bRcsqryLWXXzuYYhGmBQHiW07s7+hAj36DPgL2bn4/EpizMy7ET0Yw=="
    }
  }
}
